
Microsoft Visual Studio Solution File, Format Version 12.00
# Visual Studio Version 17
VisualStudioVersion = 17.8.34316.72
MinimumVisualStudioVersion = 10.0.40219.1
Project("{2150E333-8FDC-42A3-9474-1A3956D46DE8}") = "Presentation", "Presentation", "{AACBF604-2015-4933-95EB-932BB932DBD6}"
EndProject
Project("{9A19103F-16F7-4668-BE54-9A1E7A4F7556}") = "BookLendingSystem.API", "BookLendingSystem.API\BookLendingSystem.API.csproj", "{F6353818-A718-4291-A60B-74E1DE00055F}"
EndProject
Project("{2150E333-8FDC-42A3-9474-1A3956D46DE8}") = "Core", "Core", "{9754345F-0E14-414E-BA09-1E1E734D92CB}"
EndProject
Project("{2150E333-8FDC-42A3-9474-1A3956D46DE8}") = "Infrastructure", "Infrastructure", "{BFA19AF4-4F0B-4F92-9D08-14D0809E700F}"
EndProject
Project("{9A19103F-16F7-4668-BE54-9A1E7A4F7556}") = "BookLendingSystem.Application", "BookLendingSystem.Application\BookLendingSystem.Application.csproj", "{94245C33-EB15-405E-8920-17A4FCC019E3}"
EndProject
Project("{9A19103F-16F7-4668-BE54-9A1E7A4F7556}") = "BookLendingSystem.Domain", "BookLendingSystem.Domain\BookLendingSystem.Domain.csproj", "{5515ACD3-E980-4F75-A6E9-E677C770CD1C}"
EndProject
Project("{9A19103F-16F7-4668-BE54-9A1E7A4F7556}") = "BookLendingSystem.Persistence", "BookLendingSystem.Persistence\BookLendingSystem.Persistence.csproj", "{29418984-7010-426F-B447-DF06808528FB}"
EndProject
Project("{9A19103F-16F7-4668-BE54-9A1E7A4F7556}") = "BookLendingSystem.Infrastructure", "BookLendingSystem.Infrastructure\BookLendingSystem.Infrastructure.csproj", "{63EA7C25-C1B5-4BEB-A9AE-7728D0A9F6BC}"
EndProject
Project("{2150E333-8FDC-42A3-9474-1A3956D46DE8}") = "BackgroundJobs", "BackgroundJobs", "{44662812-9ADB-4C55-B540-E9BD31C1BE27}"
EndProject
Global
	GlobalSection(SolutionConfigurationPlatforms) = preSolution
		Debug|Any CPU = Debug|Any CPU
		Release|Any CPU = Release|Any CPU
	EndGlobalSection
	GlobalSection(ProjectConfigurationPlatforms) = postSolution
		{F6353818-A718-4291-A60B-74E1DE00055F}.Debug|Any CPU.ActiveCfg = Debug|Any CPU
		{F6353818-A718-4291-A60B-74E1DE00055F}.Debug|Any CPU.Build.0 = Debug|Any CPU
		{F6353818-A718-4291-A60B-74E1DE00055F}.Release|Any CPU.ActiveCfg = Release|Any CPU
		{F6353818-A718-4291-A60B-74E1DE00055F}.Release|Any CPU.Build.0 = Release|Any CPU
		{94245C33-EB15-405E-8920-17A4FCC019E3}.Debug|Any CPU.ActiveCfg = Debug|Any CPU
		{94245C33-EB15-405E-8920-17A4FCC019E3}.Debug|Any CPU.Build.0 = Debug|Any CPU
		{94245C33-EB15-405E-8920-17A4FCC019E3}.Release|Any CPU.ActiveCfg = Release|Any CPU
		{94245C33-EB15-405E-8920-17A4FCC019E3}.Release|Any CPU.Build.0 = Release|Any CPU
		{5515ACD3-E980-4F75-A6E9-E677C770CD1C}.Debug|Any CPU.ActiveCfg = Debug|Any CPU
		{5515ACD3-E980-4F75-A6E9-E677C770CD1C}.Debug|Any CPU.Build.0 = Debug|Any CPU
		{5515ACD3-E980-4F75-A6E9-E677C770CD1C}.Release|Any CPU.ActiveCfg = Release|Any CPU
		{5515ACD3-E980-4F75-A6E9-E677C770CD1C}.Release|Any CPU.Build.0 = Release|Any CPU
		{29418984-7010-426F-B447-DF06808528FB}.Debug|Any CPU.ActiveCfg = Debug|Any CPU
		{29418984-7010-426F-B447-DF06808528FB}.Debug|Any CPU.Build.0 = Debug|Any CPU
		{29418984-7010-426F-B447-DF06808528FB}.Release|Any CPU.ActiveCfg = Release|Any CPU
		{29418984-7010-426F-B447-DF06808528FB}.Release|Any CPU.Build.0 = Release|Any CPU
		{63EA7C25-C1B5-4BEB-A9AE-7728D0A9F6BC}.Debug|Any CPU.ActiveCfg = Debug|Any CPU
		{63EA7C25-C1B5-4BEB-A9AE-7728D0A9F6BC}.Debug|Any CPU.Build.0 = Debug|Any CPU
		{63EA7C25-C1B5-4BEB-A9AE-7728D0A9F6BC}.Release|Any CPU.ActiveCfg = Release|Any CPU
		{63EA7C25-C1B5-4BEB-A9AE-7728D0A9F6BC}.Release|Any CPU.Build.0 = Release|Any CPU
	EndGlobalSection
	GlobalSection(SolutionProperties) = preSolution
		HideSolutionNode = FALSE
	EndGlobalSection
	GlobalSection(NestedProjects) = preSolution
		{F6353818-A718-4291-A60B-74E1DE00055F} = {AACBF604-2015-4933-95EB-932BB932DBD6}
		{94245C33-EB15-405E-8920-17A4FCC019E3} = {9754345F-0E14-414E-BA09-1E1E734D92CB}
		{5515ACD3-E980-4F75-A6E9-E677C770CD1C} = {9754345F-0E14-414E-BA09-1E1E734D92CB}
		{29418984-7010-426F-B447-DF06808528FB} = {BFA19AF4-4F0B-4F92-9D08-14D0809E700F}
		{63EA7C25-C1B5-4BEB-A9AE-7728D0A9F6BC} = {BFA19AF4-4F0B-4F92-9D08-14D0809E700F}
	EndGlobalSection
	GlobalSection(ExtensibilityGlobals) = postSolution
		SolutionGuid = {1C6DFC8D-BF05-4250-BF5A-1E3DC2D1BD70}
	EndGlobalSection
EndGlobal
